// !$*UTF8*$!
{
	archiveVersion = 1;
	classes = {
	};
	objectVersion = 46;
	objects = {

/* Begin PBXBuildFile section */
		C1148B971D7401CF00C804BA /* main.m in Sources */ = {isa = PBXBuildFile; fileRef = C1148B961D7401CF00C804BA /* main.m */; };
		C1148B9A1D7401CF00C804BA /* AppDelegate.m in Sources */ = {isa = PBXBuildFile; fileRef = C1148B991D7401CF00C804BA /* AppDelegate.m */; };
		C1148B9D1D7401CF00C804BA /* ViewController.m in Sources */ = {isa = PBXBuildFile; fileRef = C1148B9C1D7401CF00C804BA /* ViewController.m */; };
		C1148BA01D7401CF00C804BA /* Main.storyboard in Resources */ = {isa = PBXBuildFile; fileRef = C1148B9E1D7401CF00C804BA /* Main.storyboard */; };
		C1148BA21D7401CF00C804BA /* Assets.xcassets in Resources */ = {isa = PBXBuildFile; fileRef = C1148BA11D7401CF00C804BA /* Assets.xcassets */; };
		C1148BA51D7401CF00C804BA /* LaunchScreen.storyboard in Resources */ = {isa = PBXBuildFile; fileRef = C1148BA31D7401CF00C804BA /* LaunchScreen.storyboard */; };
		C1148BAF1D74031800C804BA /* RgLocation.m in Sources */ = {isa = PBXBuildFile; fileRef = C1148BAE1D74031800C804BA /* RgLocation.m */; };
		C1148BB61D74083800C804BA /* RgCamera.m in Sources */ = {isa = PBXBuildFile; fileRef = C1148BB51D74083800C804BA /* RgCamera.m */; };
		C1148BBE1D742C7E00C804BA /* UINavigationController+RgCameraNavigationController.m in Sources */ = {isa = PBXBuildFile; fileRef = C1148BBD1D742C7E00C804BA /* UINavigationController+RgCameraNavigationController.m */; };
		C1148BC21D75396C00C804BA /* RgScreenShot.m in Sources */ = {isa = PBXBuildFile; fileRef = C1148BC11D75396C00C804BA /* RgScreenShot.m */; };
		C1148BC91D75536100C804BA /* RgBaseViewController.m in Sources */ = {isa = PBXBuildFile; fileRef = C1148BC81D75536100C804BA /* RgBaseViewController.m */; };
		C1148BCE1D7553D400C804BA /* RgScreenShotViewController.m in Sources */ = {isa = PBXBuildFile; fileRef = C1148BCA1D7553D400C804BA /* RgScreenShotViewController.m */; };
		C1148BCF1D7553D400C804BA /* RgLocationViewController.m in Sources */ = {isa = PBXBuildFile; fileRef = C1148BCB1D7553D400C804BA /* RgLocationViewController.m */; };
		C1148BD21D75549700C804BA /* RgCaremaViewController.m in Sources */ = {isa = PBXBuildFile; fileRef = C1148BD11D75549700C804BA /* RgCaremaViewController.m */; };
		C1148BE81D757FA400C804BA /* KRVideoPlayerController.m in Sources */ = {isa = PBXBuildFile; fileRef = C1148BD81D757FA400C804BA /* KRVideoPlayerController.m */; };
		C1148BE91D757FA400C804BA /* KRVideoPlayerControlView.m in Sources */ = {isa = PBXBuildFile; fileRef = C1148BDA1D757FA400C804BA /* KRVideoPlayerControlView.m */; };
		C1148BF81D75801900C804BA /* RgVideo.m in Sources */ = {isa = PBXBuildFile; fileRef = C1148BF71D75801900C804BA /* RgVideo.m */; };
		C1148C5A1D7588C800C804BA /* KRResouces.bundle in Resources */ = {isa = PBXBuildFile; fileRef = C1148C591D7588C800C804BA /* KRResouces.bundle */; };
		C1148C5E1D7673C500C804BA /* AlipaySDK.bundle in Resources */ = {isa = PBXBuildFile; fileRef = C1148C5C1D7673C500C804BA /* AlipaySDK.bundle */; };
		C1148C5F1D7673C500C804BA /* AlipaySDK.framework in Frameworks */ = {isa = PBXBuildFile; fileRef = C1148C5D1D7673C500C804BA /* AlipaySDK.framework */; };
		C1148C621D76742000C804BA /* RgAlipayViewController.m in Sources */ = {isa = PBXBuildFile; fileRef = C1148C611D76742000C804BA /* RgAlipayViewController.m */; };
		C1148C691D76A42300C804BA /* RgCutImage.m in Sources */ = {isa = PBXBuildFile; fileRef = C1148C681D76A42300C804BA /* RgCutImage.m */; };
/* End PBXBuildFile section */

/* Begin PBXFileReference section */
		C1148B921D7401CE00C804BA /* RgFeinno.app */ = {isa = PBXFileReference; explicitFileType = wrapper.application; includeInIndex = 0; path = RgFeinno.app; sourceTree = BUILT_PRODUCTS_DIR; };
		C1148B961D7401CF00C804BA /* main.m */ = {isa = PBXFileReference; lastKnownFileType = sourcecode.c.objc; path = main.m; sourceTree = "<group>"; };
		C1148B981D7401CF00C804BA /* AppDelegate.h */ = {isa = PBXFileReference; lastKnownFileType = sourcecode.c.h; path = AppDelegate.h; sourceTree = "<group>"; };
		C1148B991D7401CF00C804BA /* AppDelegate.m */ = {isa = PBXFileReference; lastKnownFileType = sourcecode.c.objc; path = AppDelegate.m; sourceTree = "<group>"; };
		C1148B9B1D7401CF00C804BA /* ViewController.h */ = {isa = PBXFileReference; lastKnownFileType = sourcecode.c.h; path = ViewController.h; sourceTree = "<group>"; };
		C1148B9C1D7401CF00C804BA /* ViewController.m */ = {isa = PBXFileReference; lastKnownFileType = sourcecode.c.objc; path = ViewController.m; sourceTree = "<group>"; };
		C1148B9F1D7401CF00C804BA /* Base */ = {isa = PBXFileReference; lastKnownFileType = file.storyboard; name = Base; path = Base.lproj/Main.storyboard; sourceTree = "<group>"; };
		C1148BA11D7401CF00C804BA /* Assets.xcassets */ = {isa = PBXFileReference; lastKnownFileType = folder.assetcatalog; path = Assets.xcassets; sourceTree = "<group>"; };
		C1148BA41D7401CF00C804BA /* Base */ = {isa = PBXFileReference; lastKnownFileType = file.storyboard; name = Base; path = Base.lproj/LaunchScreen.storyboard; sourceTree = "<group>"; };
		C1148BA61D7401CF00C804BA /* Info.plist */ = {isa = PBXFileReference; lastKnownFileType = text.plist.xml; path = Info.plist; sourceTree = "<group>"; };
		C1148BAD1D74031800C804BA /* RgLocation.h */ = {isa = PBXFileReference; fileEncoding = 4; lastKnownFileType = sourcecode.c.h; path = RgLocation.h; sourceTree = "<group>"; };
		C1148BAE1D74031800C804BA /* RgLocation.m */ = {isa = PBXFileReference; fileEncoding = 4; lastKnownFileType = sourcecode.c.objc; path = RgLocation.m; sourceTree = "<group>"; };
		C1148BB41D74083800C804BA /* RgCamera.h */ = {isa = PBXFileReference; fileEncoding = 4; lastKnownFileType = sourcecode.c.h; path = RgCamera.h; sourceTree = "<group>"; };
		C1148BB51D74083800C804BA /* RgCamera.m */ = {isa = PBXFileReference; fileEncoding = 4; lastKnownFileType = sourcecode.c.objc; path = RgCamera.m; sourceTree = "<group>"; };
		C1148BBC1D742C7E00C804BA /* UINavigationController+RgCameraNavigationController.h */ = {isa = PBXFileReference; fileEncoding = 4; lastKnownFileType = sourcecode.c.h; path = "UINavigationController+RgCameraNavigationController.h"; sourceTree = "<group>"; };
		C1148BBD1D742C7E00C804BA /* UINavigationController+RgCameraNavigationController.m */ = {isa = PBXFileReference; fileEncoding = 4; lastKnownFileType = sourcecode.c.objc; path = "UINavigationController+RgCameraNavigationController.m"; sourceTree = "<group>"; };
		C1148BC01D75396C00C804BA /* RgScreenShot.h */ = {isa = PBXFileReference; fileEncoding = 4; lastKnownFileType = sourcecode.c.h; path = RgScreenShot.h; sourceTree = "<group>"; };
		C1148BC11D75396C00C804BA /* RgScreenShot.m */ = {isa = PBXFileReference; fileEncoding = 4; lastKnownFileType = sourcecode.c.objc; path = RgScreenShot.m; sourceTree = "<group>"; };
		C1148BC71D75536100C804BA /* RgBaseViewController.h */ = {isa = PBXFileReference; fileEncoding = 4; lastKnownFileType = sourcecode.c.h; path = RgBaseViewController.h; sourceTree = "<group>"; };
		C1148BC81D75536100C804BA /* RgBaseViewController.m */ = {isa = PBXFileReference; fileEncoding = 4; lastKnownFileType = sourcecode.c.objc; path = RgBaseViewController.m; sourceTree = "<group>"; };
		C1148BCA1D7553D400C804BA /* RgScreenShotViewController.m */ = {isa = PBXFileReference; fileEncoding = 4; lastKnownFileType = sourcecode.c.objc; path = RgScreenShotViewController.m; sourceTree = "<group>"; };
		C1148BCB1D7553D400C804BA /* RgLocationViewController.m */ = {isa = PBXFileReference; fileEncoding = 4; lastKnownFileType = sourcecode.c.objc; path = RgLocationViewController.m; sourceTree = "<group>"; };
		C1148BCC1D7553D400C804BA /* RgScreenShotViewController.h */ = {isa = PBXFileReference; fileEncoding = 4; lastKnownFileType = sourcecode.c.h; path = RgScreenShotViewController.h; sourceTree = "<group>"; };
		C1148BCD1D7553D400C804BA /* RgLocationViewController.h */ = {isa = PBXFileReference; fileEncoding = 4; lastKnownFileType = sourcecode.c.h; path = RgLocationViewController.h; sourceTree = "<group>"; };
		C1148BD01D75549700C804BA /* RgCaremaViewController.h */ = {isa = PBXFileReference; fileEncoding = 4; lastKnownFileType = sourcecode.c.h; path = RgCaremaViewController.h; sourceTree = "<group>"; };
		C1148BD11D75549700C804BA /* RgCaremaViewController.m */ = {isa = PBXFileReference; fileEncoding = 4; lastKnownFileType = sourcecode.c.objc; path = RgCaremaViewController.m; sourceTree = "<group>"; };
		C1148BD71D757FA400C804BA /* KRVideoPlayerController.h */ = {isa = PBXFileReference; fileEncoding = 4; lastKnownFileType = sourcecode.c.h; path = KRVideoPlayerController.h; sourceTree = "<group>"; };
		C1148BD81D757FA400C804BA /* KRVideoPlayerController.m */ = {isa = PBXFileReference; fileEncoding = 4; lastKnownFileType = sourcecode.c.objc; path = KRVideoPlayerController.m; sourceTree = "<group>"; };
		C1148BD91D757FA400C804BA /* KRVideoPlayerControlView.h */ = {isa = PBXFileReference; fileEncoding = 4; lastKnownFileType = sourcecode.c.h; path = KRVideoPlayerControlView.h; sourceTree = "<group>"; };
		C1148BDA1D757FA400C804BA /* KRVideoPlayerControlView.m */ = {isa = PBXFileReference; fileEncoding = 4; lastKnownFileType = sourcecode.c.objc; path = KRVideoPlayerControlView.m; sourceTree = "<group>"; };
		C1148BF61D75801900C804BA /* RgVideo.h */ = {isa = PBXFileReference; fileEncoding = 4; lastKnownFileType = sourcecode.c.h; path = RgVideo.h; sourceTree = "<group>"; };
		C1148BF71D75801900C804BA /* RgVideo.m */ = {isa = PBXFileReference; fileEncoding = 4; lastKnownFileType = sourcecode.c.objc; path = RgVideo.m; sourceTree = "<group>"; };
		C1148C591D7588C800C804BA /* KRResouces.bundle */ = {isa = PBXFileReference; lastKnownFileType = "wrapper.plug-in"; path = KRResouces.bundle; sourceTree = "<group>"; };
		C1148C5C1D7673C500C804BA /* AlipaySDK.bundle */ = {isa = PBXFileReference; lastKnownFileType = "wrapper.plug-in"; path = AlipaySDK.bundle; sourceTree = "<group>"; };
		C1148C5D1D7673C500C804BA /* AlipaySDK.framework */ = {isa = PBXFileReference; lastKnownFileType = wrapper.framework; path = AlipaySDK.framework; sourceTree = "<group>"; };
		C1148C601D76742000C804BA /* RgAlipayViewController.h */ = {isa = PBXFileReference; fileEncoding = 4; lastKnownFileType = sourcecode.c.h; path = RgAlipayViewController.h; sourceTree = "<group>"; };
		C1148C611D76742000C804BA /* RgAlipayViewController.m */ = {isa = PBXFileReference; fileEncoding = 4; lastKnownFileType = sourcecode.c.objc; path = RgAlipayViewController.m; sourceTree = "<group>"; };
		C1148C671D76A42300C804BA /* RgCutImage.h */ = {isa = PBXFileReference; fileEncoding = 4; lastKnownFileType = sourcecode.c.h; path = RgCutImage.h; sourceTree = "<group>"; };
		C1148C681D76A42300C804BA /* RgCutImage.m */ = {isa = PBXFileReference; fileEncoding = 4; lastKnownFileType = sourcecode.c.objc; path = RgCutImage.m; sourceTree = "<group>"; };
/* End PBXFileReference section */

/* Begin PBXFrameworksBuildPhase section */
		C1148B8F1D7401CE00C804BA /* Frameworks */ = {
			isa = PBXFrameworksBuildPhase;
			buildActionMask = 2147483647;
			files = (
				C1148C5F1D7673C500C804BA /* AlipaySDK.framework in Frameworks */,
			);
			runOnlyForDeploymentPostprocessing = 0;
		};
/* End PBXFrameworksBuildPhase section */

/* Begin PBXGroup section */
		C1148B891D7401CE00C804BA = {
			isa = PBXGroup;
			children = (
				C1148B941D7401CF00C804BA /* RgFeinno */,
				C1148B931D7401CE00C804BA /* Products */,
			);
			sourceTree = "<group>";
		};
		C1148B931D7401CE00C804BA /* Products */ = {
			isa = PBXGroup;
			children = (
				C1148B921D7401CE00C804BA /* RgFeinno.app */,
			);
			name = Products;
			sourceTree = "<group>";
		};
		C1148B941D7401CF00C804BA /* RgFeinno */ = {
			isa = PBXGroup;
			children = (
				C1148C661D76A40700C804BA /* RgCutImage */,
				C1148C5B1D76731B00C804BA /* RgAlipay */,
				C1148BD61D757BB200C804BA /* RgVideo */,
				C1148BC61D75534800C804BA /* DemoViewController */,
				C1148BBF1D75395D00C804BA /* RgScreenShot */,
				C1148BB31D74081E00C804BA /* RgCamera */,
				C1148BAC1D74025E00C804BA /* RgLocation */,
				C1148B981D7401CF00C804BA /* AppDelegate.h */,
				C1148B991D7401CF00C804BA /* AppDelegate.m */,
				C1148B9B1D7401CF00C804BA /* ViewController.h */,
				C1148B9C1D7401CF00C804BA /* ViewController.m */,
				C1148B9E1D7401CF00C804BA /* Main.storyboard */,
				C1148BA11D7401CF00C804BA /* Assets.xcassets */,
				C1148BA31D7401CF00C804BA /* LaunchScreen.storyboard */,
				C1148BA61D7401CF00C804BA /* Info.plist */,
				C1148B951D7401CF00C804BA /* Supporting Files */,
			);
			path = RgFeinno;
			sourceTree = "<group>";
		};
		C1148B951D7401CF00C804BA /* Supporting Files */ = {
			isa = PBXGroup;
			children = (
				C1148B961D7401CF00C804BA /* main.m */,
			);
			name = "Supporting Files";
			sourceTree = "<group>";
		};
		C1148BAC1D74025E00C804BA /* RgLocation */ = {
			isa = PBXGroup;
			children = (
				C1148BAD1D74031800C804BA /* RgLocation.h */,
				C1148BAE1D74031800C804BA /* RgLocation.m */,
			);
			path = RgLocation;
			sourceTree = "<group>";
		};
		C1148BB31D74081E00C804BA /* RgCamera */ = {
			isa = PBXGroup;
			children = (
				C1148BB41D74083800C804BA /* RgCamera.h */,
				C1148BB51D74083800C804BA /* RgCamera.m */,
				C1148BBC1D742C7E00C804BA /* UINavigationController+RgCameraNavigationController.h */,
				C1148BBD1D742C7E00C804BA /* UINavigationController+RgCameraNavigationController.m */,
			);
			path = RgCamera;
			sourceTree = "<group>";
		};
		C1148BBF1D75395D00C804BA /* RgScreenShot */ = {
			isa = PBXGroup;
			children = (
				C1148BC01D75396C00C804BA /* RgScreenShot.h */,
				C1148BC11D75396C00C804BA /* RgScreenShot.m */,
			);
			path = RgScreenShot;
			sourceTree = "<group>";
		};
		C1148BC61D75534800C804BA /* DemoViewController */ = {
			isa = PBXGroup;
			children = (
				C1148BC71D75536100C804BA /* RgBaseViewController.h */,
				C1148BC81D75536100C804BA /* RgBaseViewController.m */,
				C1148BCC1D7553D400C804BA /* RgScreenShotViewController.h */,
				C1148BCA1D7553D400C804BA /* RgScreenShotViewController.m */,
				C1148BCD1D7553D400C804BA /* RgLocationViewController.h */,
				C1148BCB1D7553D400C804BA /* RgLocationViewController.m */,
				C1148BD01D75549700C804BA /* RgCaremaViewController.h */,
				C1148BD11D75549700C804BA /* RgCaremaViewController.m */,
				C1148C601D76742000C804BA /* RgAlipayViewController.h */,
				C1148C611D76742000C804BA /* RgAlipayViewController.m */,
				C1148BF61D75801900C804BA /* RgVideo.h */,
				C1148BF71D75801900C804BA /* RgVideo.m */,
			);
			path = DemoViewController;
			sourceTree = "<group>";
		};
		C1148BD61D757BB200C804BA /* RgVideo */ = {
			isa = PBXGroup;
			children = (
				C1148C591D7588C800C804BA /* KRResouces.bundle */,
				C1148BD71D757FA400C804BA /* KRVideoPlayerController.h */,
				C1148BD81D757FA400C804BA /* KRVideoPlayerController.m */,
				C1148BD91D757FA400C804BA /* KRVideoPlayerControlView.h */,
				C1148BDA1D757FA400C804BA /* KRVideoPlayerControlView.m */,
			);
			path = RgVideo;
			sourceTree = "<group>";
		};
		C1148C5B1D76731B00C804BA /* RgAlipay */ = {
			isa = PBXGroup;
			children = (
				C1148C5C1D7673C500C804BA /* AlipaySDK.bundle */,
				C1148C5D1D7673C500C804BA /* AlipaySDK.framework */,
			);
			path = RgAlipay;
			sourceTree = "<group>";
		};
		C1148C661D76A40700C804BA /* RgCutImage */ = {
			isa = PBXGroup;
			children = (
				C1148C671D76A42300C804BA /* RgCutImage.h */,
				C1148C681D76A42300C804BA /* RgCutImage.m */,
			);
			path = RgCutImage;
			sourceTree = "<group>";
		};
/* End PBXGroup section */

/* Begin PBXNativeTarget section */
		C1148B911D7401CE00C804BA /* RgFeinno */ = {
			isa = PBXNativeTarget;
			buildConfigurationList = C1148BA91D7401CF00C804BA /* Build configuration list for PBXNativeTarget "RgFeinno" */;
			buildPhases = (
				C1148B8E1D7401CE00C804BA /* Sources */,
				C1148B8F1D7401CE00C804BA /* Frameworks */,
				C1148B901D7401CE00C804BA /* Resources */,
			);
			buildRules = (
			);
			dependencies = (
			);
			name = RgFeinno;
			productName = RgFeinno;
			productReference = C1148B921D7401CE00C804BA /* RgFeinno.app */;
			productType = "com.apple.product-type.application";
		};
/* End PBXNativeTarget section */

/* Begin PBXProject section */
		C1148B8A1D7401CE00C804BA /* Project object */ = {
			isa = PBXProject;
			attributes = {
				LastUpgradeCheck = 0730;
				ORGANIZATIONNAME = RogueAndy;
				TargetAttributes = {
					C1148B911D7401CE00C804BA = {
						CreatedOnToolsVersion = 7.3.1;
						DevelopmentTeam = ZBB923YFHM;
					};
				};
			};
			buildConfigurationList = C1148B8D1D7401CE00C804BA /* Build configuration list for PBXProject "RgFeinno" */;
			compatibilityVersion = "Xcode 3.2";
			developmentRegion = English;
			hasScannedForEncodings = 0;
			knownRegions = (
				en,
				Base,
			);
			mainGroup = C1148B891D7401CE00C804BA;
			productRefGroup = C1148B931D7401CE00C804BA /* Products */;
			projectDirPath = "";
			projectRoot = "";
			targets = (
				C1148B911D7401CE00C804BA /* RgFeinno */,
			);
		};
/* End PBXProject section */

/* Begin PBXResourcesBuildPhase section */
		C1148B901D7401CE00C804BA /* Resources */ = {
			isa = PBXResourcesBuildPhase;
			buildActionMask = 2147483647;
			files = (
				C1148C5E1D7673C500C804BA /* AlipaySDK.bundle in Resources */,
				C1148BA51D7401CF00C804BA /* LaunchScreen.storyboard in Resources */,
				C1148BA21D7401CF00C804BA /* Assets.xcassets in Resources */,
				C1148BA01D7401CF00C804BA /* Main.storyboard in Resources */,
				C1148C5A1D7588C800C804BA /* KRResouces.bundle in Resources */,
			);
			runOnlyForDeploymentPostprocessing = 0;
		};
/* End PBXResourcesBuildPhase section */

/* Begin PBXSourcesBuildPhase section */
		C1148B8E1D7401CE00C804BA /* Sources */ = {
			isa = PBXSourcesBuildPhase;
			buildActionMask = 2147483647;
			files = (
				C1148BC91D75536100C804BA /* RgBaseViewController.m in Sources */,
				C1148BE81D757FA400C804BA /* KRVideoPlayerController.m in Sources */,
				C1148BC21D75396C00C804BA /* RgScreenShot.m in Sources */,
				C1148BCF1D7553D400C804BA /* RgLocationViewController.m in Sources */,
				C1148C621D76742000C804BA /* RgAlipayViewController.m in Sources */,
				C1148B9D1D7401CF00C804BA /* ViewController.m in Sources */,
				C1148BD21D75549700C804BA /* RgCaremaViewController.m in Sources */,
				C1148BCE1D7553D400C804BA /* RgScreenShotViewController.m in Sources */,
				C1148BAF1D74031800C804BA /* RgLocation.m in Sources */,
				C1148BBE1D742C7E00C804BA /* UINavigationController+RgCameraNavigationController.m in Sources */,
				C1148B9A1D7401CF00C804BA /* AppDelegate.m in Sources */,
				C1148BE91D757FA400C804BA /* KRVideoPlayerControlView.m in Sources */,
				C1148B971D7401CF00C804BA /* main.m in Sources */,
				C1148BF81D75801900C804BA /* RgVideo.m in Sources */,
				C1148BB61D74083800C804BA /* RgCamera.m in Sources */,
				C1148C691D76A42300C804BA /* RgCutImage.m in Sources */,
			);
			runOnlyForDeploymentPostprocessing = 0;
		};
/* End PBXSourcesBuildPhase section */

/* Begin PBXVariantGroup section */
		C1148B9E1D7401CF00C804BA /* Main.storyboard */ = {
			isa = PBXVariantGroup;
			children = (
				C1148B9F1D7401CF00C804BA /* Base */,
			);
			name = Main.storyboard;
			sourceTree = "<group>";
		};
		C1148BA31D7401CF00C804BA /* LaunchScreen.storyboard */ = {
			isa = PBXVariantGroup;
			children = (
				C1148BA41D7401CF00C804BA /* Base */,
			);
			name = LaunchScreen.storyboard;
			sourceTree = "<group>";
		};
/* End PBXVariantGroup section */

/* Begin XCBuildConfiguration section */
		C1148BA71D7401CF00C804BA /* Debug */ = {
			isa = XCBuildConfiguration;
			buildSettings = {
				ALWAYS_SEARCH_USER_PATHS = NO;
				CLANG_ANALYZER_NONNULL = YES;
				CLANG_CXX_LANGUAGE_STANDARD = "gnu++0x";
				CLANG_CXX_LIBRARY = "libc++";
				CLANG_ENABLE_MODULES = YES;
				CLANG_ENABLE_OBJC_ARC = YES;
				CLANG_WARN_BOOL_CONVERSION = YES;
				CLANG_WARN_CONSTANT_CONVERSION = YES;
				CLANG_WARN_DIRECT_OBJC_ISA_USAGE = YES_ERROR;
				CLANG_WARN_EMPTY_BODY = YES;
				CLANG_WARN_ENUM_CONVERSION = YES;
				CLANG_WARN_INT_CONVERSION = YES;
				CLANG_WARN_OBJC_ROOT_CLASS = YES_ERROR;
				CLANG_WARN_UNREACHABLE_CODE = YES;
				CLANG_WARN__DUPLICATE_METHOD_MATCH = YES;
				"CODE_SIGN_IDENTITY[sdk=iphoneos*]" = "iPhone Developer";
				COPY_PHASE_STRIP = NO;
				DEBUG_INFORMATION_FORMAT = dwarf;
				ENABLE_STRICT_OBJC_MSGSEND = YES;
				ENABLE_TESTABILITY = YES;
				GCC_C_LANGUAGE_STANDARD = gnu99;
				GCC_DYNAMIC_NO_PIC = NO;
				GCC_NO_COMMON_BLOCKS = YES;
				GCC_OPTIMIZATION_LEVEL = 0;
				GCC_PREPROCESSOR_DEFINITIONS = (
					"DEBUG=1",
					"$(inherited)",
				);
				GCC_WARN_64_TO_32_BIT_CONVERSION = YES;
				GCC_WARN_ABOUT_RETURN_TYPE = YES_ERROR;
				GCC_WARN_UNDECLARED_SELECTOR = YES;
				GCC_WARN_UNINITIALIZED_AUTOS = YES_AGGRESSIVE;
				GCC_WARN_UNUSED_FUNCTION = YES;
				GCC_WARN_UNUSED_VARIABLE = YES;
				IPHONEOS_DEPLOYMENT_TARGET = 9.3;
				MTL_ENABLE_DEBUG_INFO = YES;
				ONLY_ACTIVE_ARCH = YES;
				SDKROOT = iphoneos;
				TARGETED_DEVICE_FAMILY = "1,2";
			};
			name = Debug;
		};
		C1148BA81D7401CF00C804BA /* Release */ = {
			isa = XCBuildConfiguration;
			buildSettings = {
				ALWAYS_SEARCH_USER_PATHS = NO;
				CLANG_ANALYZER_NONNULL = YES;
				CLANG_CXX_LANGUAGE_STANDARD = "gnu++0x";
				CLANG_CXX_LIBRARY = "libc++";
				CLANG_ENABLE_MODULES = YES;
				CLANG_ENABLE_OBJC_ARC = YES;
				CLANG_WARN_BOOL_CONVERSION = YES;
				CLANG_WARN_CONSTANT_CONVERSION = YES;
				CLANG_WARN_DIRECT_OBJC_ISA_USAGE = YES_ERROR;
				CLANG_WARN_EMPTY_BODY = YES;
				CLANG_WARN_ENUM_CONVERSION = YES;
				CLANG_WARN_INT_CONVERSION = YES;
				CLANG_WARN_OBJC_ROOT_CLASS = YES_ERROR;
				CLANG_WARN_UNREACHABLE_CODE = YES;
				CLANG_WARN__DUPLICATE_METHOD_MATCH = YES;
				"CODE_SIGN_IDENTITY[sdk=iphoneos*]" = "iPhone Developer";
				COPY_PHASE_STRIP = NO;
				DEBUG_INFORMATION_FORMAT = "dwarf-with-dsym";
				ENABLE_NS_ASSERTIONS = NO;
				ENABLE_STRICT_OBJC_MSGSEND = YES;
				GCC_C_LANGUAGE_STANDARD = gnu99;
				GCC_NO_COMMON_BLOCKS = YES;
				GCC_WARN_64_TO_32_BIT_CONVERSION = YES;
				GCC_WARN_ABOUT_RETURN_TYPE = YES_ERROR;
				GCC_WARN_UNDECLARED_SELECTOR = YES;
				GCC_WARN_UNINITIALIZED_AUTOS = YES_AGGRESSIVE;
				GCC_WARN_UNUSED_FUNCTION = YES;
				GCC_WARN_UNUSED_VARIABLE = YES;
				IPHONEOS_DEPLOYMENT_TARGET = 9.3;
				MTL_ENABLE_DEBUG_INFO = NO;
				SDKROOT = iphoneos;
				TARGETED_DEVICE_FAMILY = "1,2";
				VALIDATE_PRODUCT = YES;
			};
			name = Release;
		};
		C1148BAA1D7401CF00C804BA /* Debug */ = {
			isa = XCBuildConfiguration;
			buildSettings = {
				ASSETCATALOG_COMPILER_APPICON_NAME = AppIcon;
				CODE_SIGN_IDENTITY = "iPhone Developer";
				"CODE_SIGN_IDENTITY[sdk=iphoneos*]" = "iPhone Developer";
				ENABLE_BITCODE = NO;
				FRAMEWORK_SEARCH_PATHS = (
					"$(inherited)",
					"$(PROJECT_DIR)/RgFeinno/RgAlipay",
				);
				INFOPLIST_FILE = RgFeinno/Info.plist;
				IPHONEOS_DEPLOYMENT_TARGET = 7.0;
				LD_RUNPATH_SEARCH_PATHS = "$(inherited) @executable_path/Frameworks";
				PRODUCT_BUNDLE_IDENTIFIER = com.rogue.andy.RgFeinno;
				PRODUCT_NAME = "$(TARGET_NAME)";
				PROVISIONING_PROFILE = "";
			};
			name = Debug;
		};
		C1148BAB1D7401CF00C804BA /* Release */ = {
			isa = XCBuildConfiguration;
			buildSettings = {
				ASSETCATALOG_COMPILER_APPICON_NAME = AppIcon;
				CODE_SIGN_IDENTITY = "iPhone Developer";
				"CODE_SIGN_IDENTITY[sdk=iphoneos*]" = "iPhone Developer";
				ENABLE_BITCODE = NO;
				FRAMEWORK_SEARCH_PATHS = (
					"$(inherited)",
					"$(PROJECT_DIR)/RgFeinno/RgAlipay",
				);
				INFOPLIST_FILE = RgFeinno/Info.plist;
				IPHONEOS_DEPLOYMENT_TARGET = 7.0;
				LD_RUNPATH_SEARCH_PATHS = "$(inherited) @executable_path/Frameworks";
				PRODUCT_BUNDLE_IDENTIFIER = com.rogue.andy.RgFeinno;
				PRODUCT_NAME = "$(TARGET_NAME)";
				PROVISIONING_PROFILE = "";
			};
			name = Release;
		};
/* End XCBuildConfiguration section */

/* Begin XCConfigurationList section */
		C1148B8D1D7401CE00C804BA /* Build configuration list for PBXProject "RgFeinno" */ = {
			isa = XCConfigurationList;
			buildConfigurations = (
				C1148BA71D7401CF00C804BA /* Debug */,
				C1148BA81D7401CF00C804BA /* Release */,
			);
			defaultConfigurationIsVisible = 0;
			defaultConfigurationName = Release;
		};
		C1148BA91D7401CF00C804BA /* Build configuration list for PBXNativeTarget "RgFeinno" */ = {
			isa = XCConfigurationList;
			buildConfigurations = (
				C1148BAA1D7401CF00C804BA /* Debug */,
				C1148BAB1D7401CF00C804BA /* Release */,
			);
			defaultConfigurationIsVisible = 0;
			defaultConfigurationName = Release;
		};
/* End XCConfigurationList section */
	};
	rootObject = C1148B8A1D7401CE00C804BA /* Project object */;
}
